
Microsoft Visual Studio Solution File, Format Version 12.00
# Visual Studio Version 17
VisualStudioVersion = 17.8.34330.188
MinimumVisualStudioVersion = 10.0.40219.1
Project("{9A19103F-16F7-4668-BE54-9A1E7A4F7556}") = "BlazorAppDemo", "BlazorAppDemo\BlazorAppDemo.csproj", "{63A154EB-CB43-454A-8BB8-630AE23393B4}"
EndProject
Global
	GlobalSection(SolutionConfigurationPlatforms) = preSolution
		Debug|Any CPU = Debug|Any CPU
		Release|Any CPU = Release|Any CPU
	EndGlobalSection
	GlobalSection(ProjectConfigurationPlatforms) = postSolution
		{63A154EB-CB43-454A-8BB8-630AE23393B4}.Debug|Any CPU.ActiveCfg = Debug|Any CPU
		{63A154EB-CB43-454A-8BB8-630AE23393B4}.Debug|Any CPU.Build.0 = Debug|Any CPU
		{63A154EB-CB43-454A-8BB8-630AE23393B4}.Release|Any CPU.ActiveCfg = Release|Any CPU
		{63A154EB-CB43-454A-8BB8-630AE23393B4}.Release|Any CPU.Build.0 = Release|Any CPU
	EndGlobalSection
	GlobalSection(SolutionProperties) = preSolution
		HideSolutionNode = FALSE
	EndGlobalSection
	GlobalSection(ExtensibilityGlobals) = postSolution
		SolutionGuid = {E8E2F3A9-CD2F-424B-B59F-F9D01CAD296C}
	EndGlobalSection
EndGlobal
